
Microsoft Visual Studio Solution File, Format Version 12.00
# Visual Studio 15
VisualStudioVersion = 15.0.26430.16
MinimumVisualStudioVersion = 10.0.40219.1
Project("{FAE04EC0-301F-11D3-BF4B-00C04F79EFBC}") = "lab3_TP_2.4", "lab3_TP_2.4\lab3_TP_2.4.csproj", "{D29B3169-C339-47DA-8A0B-46378D89962E}"
EndProject
Project("{FAE04EC0-301F-11D3-BF4B-00C04F79EFBC}") = "ClassLibrary1", "ClassLibrary1\ClassLibrary1.csproj", "{AD484E62-BA4C-4553-AD96-B9C1F49AE14C}"
EndProject
Project("{FAE04EC0-301F-11D3-BF4B-00C04F79EFBC}") = "UnitTestProject1", "UnitTestProject1\UnitTestProject1.csproj", "{91D4C92C-E77E-4C04-AC6D-C7B40FD561ED}"
EndProject
Global
	GlobalSection(SolutionConfigurationPlatforms) = preSolution
		Debug|Any CPU = Debug|Any CPU
		Release|Any CPU = Release|Any CPU
	EndGlobalSection
	GlobalSection(ProjectConfigurationPlatforms) = postSolution
		{D29B3169-C339-47DA-8A0B-46378D89962E}.Debug|Any CPU.ActiveCfg = Debug|Any CPU
		{D29B3169-C339-47DA-8A0B-46378D89962E}.Debug|Any CPU.Build.0 = Debug|Any CPU
		{D29B3169-C339-47DA-8A0B-46378D89962E}.Release|Any CPU.ActiveCfg = Release|Any CPU
		{D29B3169-C339-47DA-8A0B-46378D89962E}.Release|Any CPU.Build.0 = Release|Any CPU
		{AD484E62-BA4C-4553-AD96-B9C1F49AE14C}.Debug|Any CPU.ActiveCfg = Debug|Any CPU
		{AD484E62-BA4C-4553-AD96-B9C1F49AE14C}.Debug|Any CPU.Build.0 = Debug|Any CPU
		{AD484E62-BA4C-4553-AD96-B9C1F49AE14C}.Release|Any CPU.ActiveCfg = Release|Any CPU
		{AD484E62-BA4C-4553-AD96-B9C1F49AE14C}.Release|Any CPU.Build.0 = Release|Any CPU
		{91D4C92C-E77E-4C04-AC6D-C7B40FD561ED}.Debug|Any CPU.ActiveCfg = Debug|Any CPU
		{91D4C92C-E77E-4C04-AC6D-C7B40FD561ED}.Debug|Any CPU.Build.0 = Debug|Any CPU
		{91D4C92C-E77E-4C04-AC6D-C7B40FD561ED}.Release|Any CPU.ActiveCfg = Release|Any CPU
		{91D4C92C-E77E-4C04-AC6D-C7B40FD561ED}.Release|Any CPU.Build.0 = Release|Any CPU
	EndGlobalSection
	GlobalSection(SolutionProperties) = preSolution
		HideSolutionNode = FALSE
	EndGlobalSection
EndGlobal
